dependencies:
- name: keycloak
  repository: http://localhost:8081/
  version: 8.1.0
- name: mongodb
  repository: http://localhost:8081/
  version: 7.13.0
- name: rabbitmq
  repository: https://charts.bitnami.com/bitnami
  version: 6.25.11
- name: bank-chart
  repository: http://localhost:8081/
  version: 0.1.0
- name: atm-chart
  repository: http://localhost:8081/
  version: 0.1.0
digest: sha256:911210d469dd8de2d54b222e69070ebd85a04e0e5e8886959f4e49340ec28cb1
generated: "2020-06-15T10:12:57.903762035+02:00"
