dependencies:
- name: keycloak
  repository: https://codecentric.github.io/helm-charts
  version: 8.1.0
- name: mongodb
  repository: http://localhost:8081/
  version: 7.13.0
- name: rabbitmq
  repository: https://charts.bitnami.com/bitnami
  version: 6.25.11
- name: bank-chart
  repository: http://localhost:8081/
  version: 0.1.0
- name: atm-chart
  repository: http://localhost:8081/
  version: 0.1.0
digest: sha256:799532dad673816c4ea07266cf9588f303936cba51881954ca58f5244717d2e1
generated: "2020-06-17T10:04:13.570447006+02:00"
